
Microsoft Visual Studio Solution File, Format Version 12.00
# Visual Studio 2012
Project("{FAE04EC0-301F-11D3-BF4B-00C04F79EFBC}") = "AzManGraph", "AzManGraph\AzManGraph.csproj", "{CDD123AA-F695-48FB-ACD5-DE8E1E9D1EE2}"
EndProject
Global
	GlobalSection(SolutionConfigurationPlatforms) = preSolution
		Debug|Any CPU = Debug|Any CPU
		Release|Any CPU = Release|Any CPU
	EndGlobalSection
	GlobalSection(ProjectConfigurationPlatforms) = postSolution
		{CDD123AA-F695-48FB-ACD5-DE8E1E9D1EE2}.Debug|Any CPU.ActiveCfg = Debug|Any CPU
		{CDD123AA-F695-48FB-ACD5-DE8E1E9D1EE2}.Debug|Any CPU.Build.0 = Debug|Any CPU
		{CDD123AA-F695-48FB-ACD5-DE8E1E9D1EE2}.Release|Any CPU.ActiveCfg = Release|Any CPU
		{CDD123AA-F695-48FB-ACD5-DE8E1E9D1EE2}.Release|Any CPU.Build.0 = Release|Any CPU
	EndGlobalSection
	GlobalSection(SolutionProperties) = preSolution
		HideSolutionNode = FALSE
	EndGlobalSection
EndGlobal
